
Microsoft Visual Studio Solution File, Format Version 12.00
# Visual Studio 14
VisualStudioVersion = 14.0.24720.0
MinimumVisualStudioVersion = 10.0.40219.1
Project("{FAE04EC0-301F-11D3-BF4B-00C04F79EFBC}") = "Macship.Demo", "Macship.Demo\Macship.Demo.csproj", "{93321008-0EC9-4A4E-AB20-9509F61FF756}"
EndProject
Project("{FAE04EC0-301F-11D3-BF4B-00C04F79EFBC}") = "Macship.Test", "Macship.Test\Macship.Test.csproj", "{C049E865-DBA5-4CEE-AD52-B4C441F323C2}"
EndProject
Global
	GlobalSection(SolutionConfigurationPlatforms) = preSolution
		Debug|Any CPU = Debug|Any CPU
		Release|Any CPU = Release|Any CPU
	EndGlobalSection
	GlobalSection(ProjectConfigurationPlatforms) = postSolution
		{93321008-0EC9-4A4E-AB20-9509F61FF756}.Debug|Any CPU.ActiveCfg = Debug|Any CPU
		{93321008-0EC9-4A4E-AB20-9509F61FF756}.Debug|Any CPU.Build.0 = Debug|Any CPU
		{93321008-0EC9-4A4E-AB20-9509F61FF756}.Release|Any CPU.ActiveCfg = Release|Any CPU
		{93321008-0EC9-4A4E-AB20-9509F61FF756}.Release|Any CPU.Build.0 = Release|Any CPU
		{C049E865-DBA5-4CEE-AD52-B4C441F323C2}.Debug|Any CPU.ActiveCfg = Debug|Any CPU
		{C049E865-DBA5-4CEE-AD52-B4C441F323C2}.Debug|Any CPU.Build.0 = Debug|Any CPU
		{C049E865-DBA5-4CEE-AD52-B4C441F323C2}.Release|Any CPU.ActiveCfg = Release|Any CPU
		{C049E865-DBA5-4CEE-AD52-B4C441F323C2}.Release|Any CPU.Build.0 = Release|Any CPU
	EndGlobalSection
	GlobalSection(SolutionProperties) = preSolution
		HideSolutionNode = FALSE
	EndGlobalSection
EndGlobal
